PODS:
  - CocoaLumberjack (1.9.2):
    - CocoaLumberjack/Extensions
  - CocoaLumberjack/Core (1.9.2)
  - CocoaLumberjack/Extensions (1.9.2):
    - CocoaLumberjack/Core
  - LIFXKit (0.5.0):
    - CocoaLumberjack (~> 1.6)

DEPENDENCIES:
  - LIFXKit

SPEC CHECKSUMS:
  CocoaLumberjack: 205769c032b5fef85b92472046bcc8b7e7c8a817
  LIFXKit: 4280129f60f1b93a631b0ecaf13432bb77b15fc8

COCOAPODS: 0.33.1
